{"1.2.0",
[{<<"accept">>,{pkg,<<"accept">>,<<"0.3.5">>},0},
 {<<"certifi">>,{pkg,<<"certifi">>,<<"2.5.3">>},0},
 {<<"cowboy">>,{pkg,<<"cowboy">>,<<"2.8.0">>},0},
 {<<"cowlib">>,{pkg,<<"cowlib">>,<<"2.9.1">>},1},
 {<<"erlexec">>,{pkg,<<"erlexec">>,<<"1.18.8">>},0},
 {<<"erlsom">>,{pkg,<<"erlsom">>,<<"1.5.0">>},0},
 {<<"gen_smtp">>,{pkg,<<"gen_smtp">>,<<"1.0.1">>},0},
 {<<"hackney">>,{pkg,<<"hackney">>,<<"1.17.0">>},0},
 {<<"hpack_erl">>,{pkg,<<"hpack_erl">>,<<"0.2.3">>},0},
 {<<"hut">>,{pkg,<<"hut">>,<<"1.3.0">>},1},
 {<<"ibrowse">>,{pkg,<<"ibrowse">>,<<"4.4.1">>},0},
 {<<"idna">>,{pkg,<<"idna">>,<<"6.1.1">>},0},
 {<<"jose">>,{pkg,<<"jose">>,<<"1.11.1">>},0},
 {<<"meck">>,{pkg,<<"meck">>,<<"0.9.0">>},0},
 {<<"metrics">>,{pkg,<<"metrics">>,<<"2.5.0">>},0},
 {<<"mimerl">>,{pkg,<<"mimerl">>,<<"1.2.0">>},0},
 {<<"mochiweb">>,{pkg,<<"mochiweb">>,<<"2.20.1">>},0},
 {<<"parse_trans">>,{pkg,<<"parse_trans">>,<<"3.3.0">>},0},
 {<<"poolboy">>,{pkg,<<"poolboy">>,<<"1.5.2">>},0},
 {<<"pot">>,{pkg,<<"pot">>,<<"1.0.0">>},0},
 {<<"prometheus">>,{pkg,<<"prometheus">>,<<"4.6.0">>},0},
 {<<"ranch">>,{pkg,<<"ranch">>,<<"2.0.0">>},0},
 {<<"recon">>,{pkg,<<"recon">>,<<"2.5.1">>},0},
 {<<"ssl_verify_fun">>,{pkg,<<"ssl_verify_fun">>,<<"1.1.6">>},0},
 {<<"telemetry">>,{pkg,<<"telemetry">>,<<"0.4.2">>},0},
 {<<"unicode_util_compat">>,{pkg,<<"unicode_util_compat">>,<<"0.7.0">>},0}]}.
[
{pkg_hash,[
 {<<"accept">>, <<"B33B127ABCA7CC948BBE6CAA4C263369ABF1347CFA9D8E699C6D214660F10CD1">>},
 {<<"certifi">>, <<"70BDD7E7188C804F3A30EE0E7C99655BC35D8AC41C23E12325F36AB449B70651">>},
 {<<"cowboy">>, <<"F3DC62E35797ECD9AC1B50DB74611193C29815401E53BAC9A5C0577BD7BC667D">>},
 {<<"cowlib">>, <<"61A6C7C50CF07FDD24B2F45B89500BB93B6686579B069A89F88CB211E1125C78">>},
 {<<"erlexec">>, <<"98C1DAD5FE9F47B5A765B631C3770B28E7F4837A9FA9849E390561EA42979B8A">>},
 {<<"erlsom">>, <<"C5A5CDD0EE0E8DCA62BCC4B13FF08DA24FDEFC16CCD8B25282A2FDA2BA1BE24A">>},
 {<<"gen_smtp">>, <<"CC3DE2898D9136FF02DC78FC8193D4FC997824FC793F5BBBADA79CCDE94581BE">>},
 {<<"hackney">>, <<"717EA195FD2F898D9FE9F1CE0AFCC2621A41ECFE137FAE57E7FE6E9484B9AA99">>},
 {<<"hpack_erl">>, <<"17670F83FF984AE6CD74B1C456EDDE906D27FF013740EE4D9EFAA4F1BF999633">>},
 {<<"hut">>, <<"71F2F054E657C03F959CF1ACC43F436EA87580696528CA2A55C8AFB1B06C85E7">>},
 {<<"ibrowse">>, <<"2B7D0637B0F8B9B4182DE4BD0F2E826A4DA2C9B04898B6E15659BA921A8D6EC2">>},
 {<<"idna">>, <<"8A63070E9F7D0C62EB9D9FCB360A7DE382448200FBBD1B106CC96D3D8099DF8D">>},
 {<<"jose">>, <<"59DA64010C69AAD6CDE2F5B9248B896B84472E99BD18F246085B7B9FE435DCDB">>},
 {<<"meck">>, <<"CB40C223CF403DB2D09DEF59D32D3682074EBECCEB64F3E6F6C4477458DF124D">>},
 {<<"metrics">>, <<"268D218D56529CB5F070D74BBFC3AF64C668379B5B18FAFDA88959442F790C57">>},
 {<<"mimerl">>, <<"67E2D3F571088D5CFD3E550C383094B47159F3EEE8FFA08E64106CDF5E981BE3">>},
 {<<"mochiweb">>, <<"E4DBD0ED716F076366ECF62ADA5755A844E1D95C781E8C77DF1D4114BE868CDF">>},
 {<<"parse_trans">>, <<"09765507A3C7590A784615CFD421D101AEC25098D50B89D7AA1D66646BC571C1">>},
 {<<"poolboy">>, <<"392B007A1693A64540CEAD79830443ABF5762F5D30CF50BC95CB2C1AAAFA006B">>},
 {<<"pot">>, <<"BDAC7E6FB335DBB6FF86E6BA6DB583F1999AA4E3AD5C39CC6FAE90F759C94B01">>},
 {<<"prometheus">>, <<"20510F381DB1CCAB818B4CF2FAC5FA6AB5CC91BC364A154399901C001465F46F">>},
 {<<"ranch">>, <<"FBF3D79661C071543256F9051CAF19D65DAA6DF1CF6824D8F37A49B19A66F703">>},
 {<<"recon">>, <<"430FFA60685AC1EFDFB1FE4C97B8767C92D0D92E6E7C3E8621559BA77598678A">>},
 {<<"ssl_verify_fun">>, <<"CF344F5692C82D2CD7554F5EC8FD961548D4FD09E7D22F5B62482E5AEAEBD4B0">>},
 {<<"telemetry">>, <<"2808C992455E08D6177322F14D3BDB6B625FBCFD233A73505870D8738A2F4599">>},
 {<<"unicode_util_compat">>, <<"BC84380C9AB48177092F43AC89E4DFA2C6D62B40B8BD132B1059ECC7232F9A78">>}]},
{pkg_hash_ext,[
 {<<"accept">>, <<"11B18C220BCC2EAB63B5470C038EF10EB6783BCB1FCDB11AA4137DEFA5AC1BB8">>},
 {<<"certifi">>, <<"ED516ACB3929B101208A9D700062D520F3953DA3B6B918D866106FFA980E1C10">>},
 {<<"cowboy">>, <<"4643E4FBA74AC96D4D152C75803DE6FAD0B3FA5DF354C71AFDD6CBEEB15FAC8A">>},
 {<<"cowlib">>, <<"E4175DC240A70D996156160891E1C62238EDE1729E45740BDD38064DAD476170">>},
 {<<"erlexec">>, <<"275699DC2E5E50EAFAE26DCB37BED15A677C4627096530E7BD42A969E21CDE93">>},
 {<<"erlsom">>, <<"55A9DBF9CFA77FCFC108BD8E2C4F9F784DEA228A8F4B06EA10B684944946955A">>},
 {<<"gen_smtp">>, <<"341A98DC4DAFAD9CC1E4426E4988E45B31D3F235FA637408F7579A9B598C0AB6">>},
 {<<"hackney">>, <<"64C22225F1EA8855F584720C0E5B3CD14095703AF1C9FBC845BA042811DC671C">>},
 {<<"hpack_erl">>, <<"06F580167C4B8B8A6429040DF36CC93BBA6D571FAEAEC1B28816523379CBB23A">>},
 {<<"hut">>, <<"7E15D28555D8A1F2B5A3A931EC120AF0753E4853A4C66053DB354F35BF9AB563">>},
 {<<"ibrowse">>, <<"1E86C591DBC6D270632625534986BECA30813AF7CE784E742E5FC38E342C29B3">>},
 {<<"idna">>, <<"92376EB7894412ED19AC475E4A86F7B413C1B9FBB5BD16DCCD57934157944CEA">>},
 {<<"jose">>, <<"078F6C9FB3CD2F4CFAFC972C814261A7D1E8D2B3685C0A76EB87E158EFFF1AC5">>},
 {<<"meck">>, <<"F813E90DD0B89B2516A0201A355E84B1ABC78B5751AA0CBF669A9D85A810AC63">>},
 {<<"metrics">>, <<"AE061938C8C3BDE97D17BE9A792B63E15C1E1EFFE16598AB87A62384F5F3714B">>},
 {<<"mimerl">>, <<"F278585650AA581986264638EBF698F8BB19DF297F66AD91B18910DFC6E19323">>},
 {<<"mochiweb">>, <<"D1AEEE7870470D2FA9EAE0B3D5AB6C33801AA2D82B10E9DADE885C5C921B36AA">>},
 {<<"parse_trans">>, <<"17EF63ABDE837AD30680EA7F857DD9E7CED9476CDD7B0394432AF4BFC241B960">>},
 {<<"poolboy">>, <<"DAD79704CE5440F3D5A3681C8590B9DC25D1A561E8F5A9C995281012860901E3">>},
 {<<"pot">>, <<"37ADA0ED073ED52AE93D18ACAE66978D6F79759F2629A1591309245F35D7816B">>},
 {<<"prometheus">>, <<"4905FD2992F8038ECCD7AA0CD22F40637ED618C0BED1F75C05AACEC15B7545DE">>},
 {<<"ranch">>, <<"C20A4840C7D6623C19812D3A7C828B2F1BD153EF0F124CB69C54FE51D8A42AE0">>},
 {<<"recon">>, <<"5721C6B6D50122D8F68CCCAC712CAA1231F97894BAB779EFF5FF0F886CB44648">>},
 {<<"ssl_verify_fun">>, <<"BDB0D2471F453C88FF3908E7686F86F9BE327D065CC1EC16FA4540197EA04680">>},
 {<<"telemetry">>, <<"2D1419BD9DDA6A206D7B5852179511722E2B18812310D304620C7BD92A13FCEF">>},
 {<<"unicode_util_compat">>, <<"25EEE6D67DF61960CF6A794239566599B09E17E668D3700247BC498638152521">>}]}
].
